# generated by rye
# use `rye lock` or `rye sync` to update this lockfile
#
# last locked with the following flags:
#   pre: false
#   features: []
#   all-features: true
#   with-sources: false
#   generate-hashes: false

-e file:.
beartype==0.18.5
    # via plum-dispatch
    # via pyserde
casefy==0.1.7
    # via pyserde
jinja2==3.1.4
    # via pyserde
markupsafe==2.1.5
    # via jinja2
mypy-extensions==1.0.0
    # via typing-inspect
plum-dispatch==2.2.2
    # via pyserde
pybind11-stubgen==2.5.1
    # via carla-interface
pyserde==0.19.3
    # via carla-interface
pyyaml==6.0.1
    # via carla-interface
    # via pyserde
ruff==0.5.1
typed-cap==0.3.1
    # via carla-interface
typing-extensions==4.12.2
    # via carla-interface
    # via plum-dispatch
    # via pyserde
    # via typing-inspect
typing-inspect==0.9.0
    # via pyserde
